
Microsoft Visual Studio Solution File, Format Version 12.00
# Visual Studio 15
VisualStudioVersion = 15.0.28010.2048
MinimumVisualStudioVersion = 10.0.40219.1
Project("{FAE04EC0-301F-11D3-BF4B-00C04F79EFBC}") = "BaseLibrary", "Demomobile\BaseLibrary\BaseLibrary.csproj", "{F92107C2-AC7E-45E2-A88F-EBB789D7F576}"
EndProject
Project("{E24C65DC-7377-472B-9ABA-BC803B73C61A}") = "BaseLibraryWeb", "demomobile\BaseLibraryWeb", "{9BDF6181-A6A8-49CD-8280-DFD85A229666}"
	ProjectSection(WebsiteProperties) = preProject
		SccProjectName = ""$/Front-Ends/Models", TGFEAAAA"
		SccAuxPath = ""
		SccLocalPath = "..\.."
		SccProvider = "MSSCCI:Microsoft Visual SourceSafe"
		TargetFrameworkMoniker = ".NETFramework,Version%3Dv4.5.1"
		ProjectReferences = "{f92107c2-ac7e-45e2-a88f-ebb789d7f576}|escWebBase.dll;"
		Debug.AspNetCompiler.VirtualPath = "/localhost_58024"
		Debug.AspNetCompiler.PhysicalPath = "demomobile\BaseLibraryWeb\"
		Debug.AspNetCompiler.TargetPath = "PrecompiledWeb\localhost_58024\"
		Debug.AspNetCompiler.Updateable = "true"
		Debug.AspNetCompiler.ForceOverwrite = "true"
		Debug.AspNetCompiler.FixedNames = "false"
		Debug.AspNetCompiler.Debug = "True"
		Release.AspNetCompiler.VirtualPath = "/localhost_58024"
		Release.AspNetCompiler.PhysicalPath = "demomobile\BaseLibraryWeb\"
		Release.AspNetCompiler.TargetPath = "PrecompiledWeb\localhost_58024\"
		Release.AspNetCompiler.Updateable = "true"
		Release.AspNetCompiler.ForceOverwrite = "true"
		Release.AspNetCompiler.FixedNames = "false"
		Release.AspNetCompiler.Debug = "False"
		VWDPort = "58024"
		VWDVirtualPath = "/Demomobile"
		SlnRelativePath = "demomobile\BaseLibraryWeb\"
	EndProjectSection
EndProject
Global
	GlobalSection(SolutionConfigurationPlatforms) = preSolution
		Debug|Any CPU = Debug|Any CPU
		ModelPresentation|Any CPU = ModelPresentation|Any CPU
		Release|Any CPU = Release|Any CPU
	EndGlobalSection
	GlobalSection(ProjectConfigurationPlatforms) = postSolution
		{F92107C2-AC7E-45E2-A88F-EBB789D7F576}.Debug|Any CPU.ActiveCfg = Debug|Any CPU
		{F92107C2-AC7E-45E2-A88F-EBB789D7F576}.Debug|Any CPU.Build.0 = Debug|Any CPU
		{F92107C2-AC7E-45E2-A88F-EBB789D7F576}.ModelPresentation|Any CPU.ActiveCfg = ModelPresentation|Any CPU
		{F92107C2-AC7E-45E2-A88F-EBB789D7F576}.ModelPresentation|Any CPU.Build.0 = ModelPresentation|Any CPU
		{F92107C2-AC7E-45E2-A88F-EBB789D7F576}.Release|Any CPU.ActiveCfg = Release|Any CPU
		{F92107C2-AC7E-45E2-A88F-EBB789D7F576}.Release|Any CPU.Build.0 = Release|Any CPU
		{9BDF6181-A6A8-49CD-8280-DFD85A229666}.Debug|Any CPU.ActiveCfg = Debug|Any CPU
		{9BDF6181-A6A8-49CD-8280-DFD85A229666}.Debug|Any CPU.Build.0 = Debug|Any CPU
		{9BDF6181-A6A8-49CD-8280-DFD85A229666}.ModelPresentation|Any CPU.ActiveCfg = Debug|Any CPU
		{9BDF6181-A6A8-49CD-8280-DFD85A229666}.ModelPresentation|Any CPU.Build.0 = Debug|Any CPU
		{9BDF6181-A6A8-49CD-8280-DFD85A229666}.Release|Any CPU.ActiveCfg = Debug|Any CPU
		{9BDF6181-A6A8-49CD-8280-DFD85A229666}.Release|Any CPU.Build.0 = Debug|Any CPU
	EndGlobalSection
	GlobalSection(SolutionProperties) = preSolution
		HideSolutionNode = FALSE
	EndGlobalSection
	GlobalSection(ExtensibilityGlobals) = postSolution
		SolutionGuid = {9770577C-67F8-44D5-8137-A8F1924083C4}
	EndGlobalSection
	GlobalSection(SourceCodeControl) = preSolution
		SccNumberOfProjects = 3
		SccLocalPath0 = .
		SccProjectUniqueName1 = Demomobile\\BaseLibrary\\BaseLibrary.csproj
		SccLocalPath1 = .
		SccProjectFilePathRelativizedFromConnection1 = Demomobile\\BaseLibrary\\
		SccWebProject2 = true
		SccProjectUniqueName2 = demomobile\\BaseLibraryWeb
		SccLocalPath2 = .
		SccProjectFilePathRelativizedFromConnection2 = demomobile\\BaseLibraryWeb\\
		SccProjectEnlistmentChoice2 = 2
	EndGlobalSection
EndGlobal
