
Microsoft Visual Studio Solution File, Format Version 12.00
# Visual Studio 2013
VisualStudioVersion = 12.0.40629.0
MinimumVisualStudioVersion = 10.0.40219.1
Project("{FAE04EC0-301F-11D3-BF4B-00C04F79EFBC}") = "BaseLibrary", "Base\BaseLibrary\BaseLibrary.csproj", "{F92107C2-AC7E-45E2-A88F-EBB789D7F576}"
EndProject
Project("{E24C65DC-7377-472B-9ABA-BC803B73C61A}") = "az_cgesd", "http://localhost:38973", "{781BABAE-3CA3-426B-84FD-C8E5D9E9EBBA}"
	ProjectSection(WebsiteProperties) = preProject
		SccProjectName = ""$/Front-Ends/Models/az_cgesd", SHVKAAAA"
		SccAuxPath = ""
		SccLocalPath = "."
		SccProvider = "MSSCCI:Microsoft Visual SourceSafe"
		UseIISExpress = "true"
		TargetFrameworkMoniker = ".NETFramework,Version%3Dv4.5.1"
		ProjectReferences = "{f92107c2-ac7e-45e2-a88f-ebb789d7f576}|escWebBase.dll;"
		Debug.AspNetCompiler.VirtualPath = "/localhost_38973"
		Debug.AspNetCompiler.PhysicalPath = "az_cgesd\"
		Debug.AspNetCompiler.TargetPath = "PrecompiledWeb\localhost_38973\"
		Debug.AspNetCompiler.Updateable = "true"
		Debug.AspNetCompiler.ForceOverwrite = "true"
		Debug.AspNetCompiler.FixedNames = "false"
		Debug.AspNetCompiler.Debug = "True"
		Release.AspNetCompiler.VirtualPath = "/localhost_38973"
		Release.AspNetCompiler.PhysicalPath = "az_cgesd\"
		Release.AspNetCompiler.TargetPath = "PrecompiledWeb\localhost_38973\"
		Release.AspNetCompiler.Updateable = "true"
		Release.AspNetCompiler.ForceOverwrite = "true"
		Release.AspNetCompiler.FixedNames = "false"
		Release.AspNetCompiler.Debug = "False"
		SlnRelativePath = "az_cgesd\"
	EndProjectSection
EndProject
Global
	GlobalSection(SourceCodeControl) = preSolution
		SccNumberOfProjects = 3
		SccProjectUniqueName0 = Base\\BaseLibrary\\BaseLibrary.csproj
		SccProjectName0 = \u0022$/Front-Ends/Models/Base/BaseLibrary\u0022,\u0020HOKEAAAA
		SccLocalPath0 = Base\\BaseLibrary
		SccWebProject1 = true
		SccProjectUniqueName1 = http://localhost:38973
		SccProjectName1 = \u0022$/Front-Ends/Models/az_cgesd\u0022,\u0020SHVKAAAA
		SccLocalPath1 = C:\\Projects\\Front-Ends\\Models\\az_cgesd
		SccProjectEnlistmentChoice1 = 2
		SccLocalPath2 = .
	EndGlobalSection
	GlobalSection(SolutionConfigurationPlatforms) = preSolution
		Debug|Any CPU = Debug|Any CPU
		ModelPresentation|Any CPU = ModelPresentation|Any CPU
		Release|Any CPU = Release|Any CPU
	EndGlobalSection
	GlobalSection(ProjectConfigurationPlatforms) = postSolution
		{F92107C2-AC7E-45E2-A88F-EBB789D7F576}.Debug|Any CPU.ActiveCfg = Debug|Any CPU
		{F92107C2-AC7E-45E2-A88F-EBB789D7F576}.Debug|Any CPU.Build.0 = Debug|Any CPU
		{F92107C2-AC7E-45E2-A88F-EBB789D7F576}.ModelPresentation|Any CPU.ActiveCfg = ModelPresentation|Any CPU
		{F92107C2-AC7E-45E2-A88F-EBB789D7F576}.ModelPresentation|Any CPU.Build.0 = ModelPresentation|Any CPU
		{F92107C2-AC7E-45E2-A88F-EBB789D7F576}.Release|Any CPU.ActiveCfg = Release|Any CPU
		{F92107C2-AC7E-45E2-A88F-EBB789D7F576}.Release|Any CPU.Build.0 = Release|Any CPU
		{781BABAE-3CA3-426B-84FD-C8E5D9E9EBBA}.Debug|Any CPU.ActiveCfg = Debug|Any CPU
		{781BABAE-3CA3-426B-84FD-C8E5D9E9EBBA}.Debug|Any CPU.Build.0 = Debug|Any CPU
		{781BABAE-3CA3-426B-84FD-C8E5D9E9EBBA}.ModelPresentation|Any CPU.ActiveCfg = Debug|Any CPU
		{781BABAE-3CA3-426B-84FD-C8E5D9E9EBBA}.ModelPresentation|Any CPU.Build.0 = Debug|Any CPU
		{781BABAE-3CA3-426B-84FD-C8E5D9E9EBBA}.Release|Any CPU.ActiveCfg = Debug|Any CPU
		{781BABAE-3CA3-426B-84FD-C8E5D9E9EBBA}.Release|Any CPU.Build.0 = Debug|Any CPU
	EndGlobalSection
	GlobalSection(SolutionProperties) = preSolution
		HideSolutionNode = FALSE
	EndGlobalSection
EndGlobal
