
Microsoft Visual Studio Solution File, Format Version 12.00
# Visual Studio 2013
VisualStudioVersion = 12.0.21005.1
MinimumVisualStudioVersion = 10.0.40219.1
Project("{FAE04EC0-301F-11D3-BF4B-00C04F79EFBC}") = "BaseLibrary", "Base\BaseLibrary\BaseLibrary.csproj", "{F92107C2-AC7E-45E2-A88F-EBB789D7F576}"
EndProject
Project("{E24C65DC-7377-472B-9ABA-BC803B73C61A}") = "BaseLibraryWeb", "nd_rea", "{8258CEB3-515D-4684-88EF-8260710680FE}"
	ProjectSection(WebsiteProperties) = preProject
		SccProjectName = ""$/Front-Ends/Models/nd_rea", RWKEAAAA"
		SccAuxPath = ""
		SccLocalPath = "."
		SccProvider = "MSSCCI:Microsoft Visual SourceSafe"
		TargetFrameworkMoniker = ".NETFramework,Version%3Dv4.5.1"
		ProjectReferences = "{F92107C2-AC7E-45E2-A88F-EBB789D7F576}|escWebBase.dll;"
		Debug.AspNetCompiler.VirtualPath = "/nd_rea"
		Debug.AspNetCompiler.PhysicalPath = "nd_rea\"
		Debug.AspNetCompiler.TargetPath = "PrecompiledWeb\nd_rea\"
		Debug.AspNetCompiler.Updateable = "true"
		Debug.AspNetCompiler.ForceOverwrite = "true"
		Debug.AspNetCompiler.FixedNames = "true"
		Debug.AspNetCompiler.Debug = "True"
		Release.AspNetCompiler.VirtualPath = "/nd_rea"
		Release.AspNetCompiler.PhysicalPath = "nd_rea\"
		Release.AspNetCompiler.TargetPath = "PrecompiledWeb\nd_rea\"
		Release.AspNetCompiler.Updateable = "true"
		Release.AspNetCompiler.ForceOverwrite = "true"
		Release.AspNetCompiler.FixedNames = "true"
		Release.AspNetCompiler.Debug = "False"
		VWDPort = "8058"
		VWDVirtualPath = "/nd_seec"
		SlnRelativePath = "nd_rea\"
	EndProjectSection
EndProject
Global
	GlobalSection(SourceCodeControl) = preSolution
		SccNumberOfProjects = 3
		SccLocalPath0 = .
		SccProjectUniqueName1 = Base\\BaseLibrary\\BaseLibrary.csproj
		SccProjectName1 = \u0022$/Front-Ends/Models/Base/BaseLibrary\u0022,\u0020HOKEAAAA
		SccLocalPath1 = Base\\BaseLibrary
		SccWebProject2 = true
		SccProjectUniqueName2 = nd_rea
		SccProjectName2 = \u0022$/Front-Ends/Models/nd_rea\u0022,\u0020RWKEAAAA
		SccLocalPath2 = C:\\Front-Ends\\Models\\nd_rea
		SccProjectEnlistmentChoice2 = 2
	EndGlobalSection
	GlobalSection(SolutionConfigurationPlatforms) = preSolution
		Debug|Any CPU = Debug|Any CPU
		ModelPresentation|Any CPU = ModelPresentation|Any CPU
		Release|Any CPU = Release|Any CPU
	EndGlobalSection
	GlobalSection(ProjectConfigurationPlatforms) = postSolution
		{F92107C2-AC7E-45E2-A88F-EBB789D7F576}.Debug|Any CPU.ActiveCfg = Debug|Any CPU
		{F92107C2-AC7E-45E2-A88F-EBB789D7F576}.Debug|Any CPU.Build.0 = Debug|Any CPU
		{F92107C2-AC7E-45E2-A88F-EBB789D7F576}.ModelPresentation|Any CPU.ActiveCfg = ModelPresentation|Any CPU
		{F92107C2-AC7E-45E2-A88F-EBB789D7F576}.ModelPresentation|Any CPU.Build.0 = ModelPresentation|Any CPU
		{F92107C2-AC7E-45E2-A88F-EBB789D7F576}.Release|Any CPU.ActiveCfg = Release|Any CPU
		{F92107C2-AC7E-45E2-A88F-EBB789D7F576}.Release|Any CPU.Build.0 = Release|Any CPU
		{8258CEB3-515D-4684-88EF-8260710680FE}.Debug|Any CPU.ActiveCfg = Debug|Any CPU
		{8258CEB3-515D-4684-88EF-8260710680FE}.Debug|Any CPU.Build.0 = Debug|Any CPU
		{8258CEB3-515D-4684-88EF-8260710680FE}.ModelPresentation|Any CPU.ActiveCfg = Debug|Any CPU
		{8258CEB3-515D-4684-88EF-8260710680FE}.ModelPresentation|Any CPU.Build.0 = Debug|Any CPU
		{8258CEB3-515D-4684-88EF-8260710680FE}.Release|Any CPU.ActiveCfg = Debug|Any CPU
		{8258CEB3-515D-4684-88EF-8260710680FE}.Release|Any CPU.Build.0 = Debug|Any CPU
	EndGlobalSection
	GlobalSection(SolutionProperties) = preSolution
		HideSolutionNode = FALSE
	EndGlobalSection
EndGlobal
