
Microsoft Visual Studio Solution File, Format Version 12.00
# Visual Studio 2013
VisualStudioVersion = 12.0.21005.1
MinimumVisualStudioVersion = 10.0.40219.1
Project("{E24C65DC-7377-472B-9ABA-BC803B73C61A}") = "tx_r10", "tx_r10", "{8FBBBFEF-01A2-408B-9988-8D10BCBB467D}"
	ProjectSection(WebsiteProperties) = preProject
		SccProjectName = ""$/Front-Ends/Models/tx_r10", FGALAAAA"
		SccAuxPath = ""
		SccLocalPath = "."
		SccProvider = "MSSCCI:Microsoft Visual SourceSafe"
		UseIISExpress = "true"
		TargetFrameworkMoniker = ".NETFramework,Version%3Dv4.5"
		ProjectReferences = "{f92107c2-ac7e-45e2-a88f-ebb789d7f576}|escWebBase.dll;"
		Debug.AspNetCompiler.VirtualPath = "/tx_r10"
		Debug.AspNetCompiler.PhysicalPath = "tx_r10\"
		Debug.AspNetCompiler.TargetPath = "PrecompiledWeb\tx_r10\"
		Debug.AspNetCompiler.Updateable = "true"
		Debug.AspNetCompiler.ForceOverwrite = "true"
		Debug.AspNetCompiler.FixedNames = "false"
		Debug.AspNetCompiler.Debug = "True"
		Release.AspNetCompiler.VirtualPath = "/tx_r10"
		Release.AspNetCompiler.PhysicalPath = "tx_r10\"
		Release.AspNetCompiler.TargetPath = "PrecompiledWeb\tx_r10\"
		Release.AspNetCompiler.Updateable = "true"
		Release.AspNetCompiler.ForceOverwrite = "true"
		Release.AspNetCompiler.FixedNames = "false"
		Release.AspNetCompiler.Debug = "False"
		SlnRelativePath = "tx_r10\"
		DefaultWebSiteLanguage = "Visual C#"
	EndProjectSection
EndProject
Project("{FAE04EC0-301F-11D3-BF4B-00C04F79EFBC}") = "BaseLibrary", "Base\BaseLibrary\BaseLibrary.csproj", "{F92107C2-AC7E-45E2-A88F-EBB789D7F576}"
EndProject
Global
	GlobalSection(SourceCodeControl) = preSolution
		SccNumberOfProjects = 2
		SccProjectUniqueName0 = Base\\BaseLibrary\\BaseLibrary.csproj
		SccProjectName0 = \u0022$/Front-Ends/Models/Base/BaseLibrary\u0022,\u0020HOKEAAAA
		SccLocalPath0 = Base\\BaseLibrary
		SccLocalPath1 = .
	EndGlobalSection
	GlobalSection(SolutionConfigurationPlatforms) = preSolution
		Debug|Any CPU = Debug|Any CPU
		ModelPresentation|Any CPU = ModelPresentation|Any CPU
		Release|Any CPU = Release|Any CPU
	EndGlobalSection
	GlobalSection(ProjectConfigurationPlatforms) = postSolution
		{8FBBBFEF-01A2-408B-9988-8D10BCBB467D}.Debug|Any CPU.ActiveCfg = Debug|Any CPU
		{8FBBBFEF-01A2-408B-9988-8D10BCBB467D}.Debug|Any CPU.Build.0 = Debug|Any CPU
		{8FBBBFEF-01A2-408B-9988-8D10BCBB467D}.ModelPresentation|Any CPU.ActiveCfg = Debug|Any CPU
		{8FBBBFEF-01A2-408B-9988-8D10BCBB467D}.ModelPresentation|Any CPU.Build.0 = Debug|Any CPU
		{8FBBBFEF-01A2-408B-9988-8D10BCBB467D}.Release|Any CPU.ActiveCfg = Debug|Any CPU
		{8FBBBFEF-01A2-408B-9988-8D10BCBB467D}.Release|Any CPU.Build.0 = Debug|Any CPU
		{F92107C2-AC7E-45E2-A88F-EBB789D7F576}.Debug|Any CPU.ActiveCfg = Debug|Any CPU
		{F92107C2-AC7E-45E2-A88F-EBB789D7F576}.Debug|Any CPU.Build.0 = Debug|Any CPU
		{F92107C2-AC7E-45E2-A88F-EBB789D7F576}.ModelPresentation|Any CPU.ActiveCfg = ModelPresentation|Any CPU
		{F92107C2-AC7E-45E2-A88F-EBB789D7F576}.ModelPresentation|Any CPU.Build.0 = ModelPresentation|Any CPU
		{F92107C2-AC7E-45E2-A88F-EBB789D7F576}.Release|Any CPU.ActiveCfg = Release|Any CPU
		{F92107C2-AC7E-45E2-A88F-EBB789D7F576}.Release|Any CPU.Build.0 = Release|Any CPU
	EndGlobalSection
	GlobalSection(SolutionProperties) = preSolution
		HideSolutionNode = FALSE
	EndGlobalSection
EndGlobal
