
Microsoft Visual Studio Solution File, Format Version 12.00
# Visual Studio 2013
VisualStudioVersion = 12.0.21005.1
MinimumVisualStudioVersion = 10.0.40219.1
Project("{FAE04EC0-301F-11D3-BF4B-00C04F79EFBC}") = "BaseLibrary", "Base\BaseLibrary\BaseLibrary.csproj", "{F92107C2-AC7E-45E2-A88F-EBB789D7F576}"
EndProject
Project("{E24C65DC-7377-472B-9ABA-BC803B73C61A}") = "wa_esd105", "wa_esd105", "{8258CEB3-515D-4684-88EF-8260710680FE}"
	ProjectSection(WebsiteProperties) = preProject
		SccProjectName = ""$/Front-Ends/Models", TGFEAAAA"
		SccAuxPath = ""
		SccLocalPath = ".."
		SccProvider = "MSSCCI:Microsoft Visual SourceSafe"
		TargetFrameworkMoniker = ".NETFramework,Version%3Dv4.5.1"
		ProjectReferences = "{f92107c2-ac7e-45e2-a88f-ebb789d7f576}|escWebBase.dll;"
		Debug.AspNetCompiler.VirtualPath = "/wa_esd105"
		Debug.AspNetCompiler.PhysicalPath = "wa_esd105\"
		Debug.AspNetCompiler.TargetPath = "PrecompiledWeb\wa_esd105\"
		Debug.AspNetCompiler.Updateable = "true"
		Debug.AspNetCompiler.ForceOverwrite = "true"
		Debug.AspNetCompiler.FixedNames = "false"
		Debug.AspNetCompiler.Debug = "True"
		Release.AspNetCompiler.VirtualPath = "/wa_esd105"
		Release.AspNetCompiler.PhysicalPath = "wa_esd105\"
		Release.AspNetCompiler.TargetPath = "PrecompiledWeb\wa_esd105\"
		Release.AspNetCompiler.Updateable = "true"
		Release.AspNetCompiler.ForceOverwrite = "true"
		Release.AspNetCompiler.FixedNames = "false"
		Release.AspNetCompiler.Debug = "False"
		VWDPort = "36482"
		SlnRelativePath = "wa_esd105\"
	EndProjectSection
EndProject
Global
	GlobalSection(SourceCodeControl) = preSolution
		SccNumberOfProjects = 3
		SccLocalPath0 = .
		SccProjectUniqueName1 = Base\\BaseLibrary\\BaseLibrary.csproj
		SccProjectName1 = \u0022$/Front-Ends/Models/Base/BaseLibrary\u0022,\u0020HOKEAAAA
		SccLocalPath1 = Base\\BaseLibrary
		SccWebProject2 = true
		SccProjectUniqueName2 = wa_esd105
		SccLocalPath2 = .
		SccProjectFilePathRelativizedFromConnection2 = wa_esd105\\
		SccProjectEnlistmentChoice2 = 2
	EndGlobalSection
	GlobalSection(SolutionConfigurationPlatforms) = preSolution
		Debug|Any CPU = Debug|Any CPU
		Debug|Mixed Platforms = Debug|Mixed Platforms
		ModelPresentation|Any CPU = ModelPresentation|Any CPU
		ModelPresentation|Mixed Platforms = ModelPresentation|Mixed Platforms
		Release|Any CPU = Release|Any CPU
		Release|Mixed Platforms = Release|Mixed Platforms
	EndGlobalSection
	GlobalSection(ProjectConfigurationPlatforms) = postSolution
		{F92107C2-AC7E-45E2-A88F-EBB789D7F576}.Debug|Any CPU.ActiveCfg = Debug|Any CPU
		{F92107C2-AC7E-45E2-A88F-EBB789D7F576}.Debug|Any CPU.Build.0 = Debug|Any CPU
		{F92107C2-AC7E-45E2-A88F-EBB789D7F576}.Debug|Mixed Platforms.ActiveCfg = Debug|Any CPU
		{F92107C2-AC7E-45E2-A88F-EBB789D7F576}.Debug|Mixed Platforms.Build.0 = Debug|Any CPU
		{F92107C2-AC7E-45E2-A88F-EBB789D7F576}.ModelPresentation|Any CPU.ActiveCfg = ModelPresentation|Any CPU
		{F92107C2-AC7E-45E2-A88F-EBB789D7F576}.ModelPresentation|Any CPU.Build.0 = ModelPresentation|Any CPU
		{F92107C2-AC7E-45E2-A88F-EBB789D7F576}.ModelPresentation|Mixed Platforms.ActiveCfg = ModelPresentation|Any CPU
		{F92107C2-AC7E-45E2-A88F-EBB789D7F576}.ModelPresentation|Mixed Platforms.Build.0 = ModelPresentation|Any CPU
		{F92107C2-AC7E-45E2-A88F-EBB789D7F576}.Release|Any CPU.ActiveCfg = Release|Any CPU
		{F92107C2-AC7E-45E2-A88F-EBB789D7F576}.Release|Any CPU.Build.0 = Release|Any CPU
		{F92107C2-AC7E-45E2-A88F-EBB789D7F576}.Release|Mixed Platforms.ActiveCfg = Release|Any CPU
		{F92107C2-AC7E-45E2-A88F-EBB789D7F576}.Release|Mixed Platforms.Build.0 = Release|Any CPU
		{8258CEB3-515D-4684-88EF-8260710680FE}.Debug|Any CPU.ActiveCfg = Debug|Any CPU
		{8258CEB3-515D-4684-88EF-8260710680FE}.Debug|Any CPU.Build.0 = Debug|Any CPU
		{8258CEB3-515D-4684-88EF-8260710680FE}.Debug|Mixed Platforms.ActiveCfg = Debug|Any CPU
		{8258CEB3-515D-4684-88EF-8260710680FE}.Debug|Mixed Platforms.Build.0 = Debug|Any CPU
		{8258CEB3-515D-4684-88EF-8260710680FE}.ModelPresentation|Any CPU.ActiveCfg = Debug|Any CPU
		{8258CEB3-515D-4684-88EF-8260710680FE}.ModelPresentation|Any CPU.Build.0 = Debug|Any CPU
		{8258CEB3-515D-4684-88EF-8260710680FE}.ModelPresentation|Mixed Platforms.ActiveCfg = Debug|Any CPU
		{8258CEB3-515D-4684-88EF-8260710680FE}.ModelPresentation|Mixed Platforms.Build.0 = Debug|Any CPU
		{8258CEB3-515D-4684-88EF-8260710680FE}.Release|Any CPU.ActiveCfg = Debug|Any CPU
		{8258CEB3-515D-4684-88EF-8260710680FE}.Release|Any CPU.Build.0 = Debug|Any CPU
		{8258CEB3-515D-4684-88EF-8260710680FE}.Release|Mixed Platforms.ActiveCfg = Debug|Any CPU
		{8258CEB3-515D-4684-88EF-8260710680FE}.Release|Mixed Platforms.Build.0 = Debug|Any CPU
	EndGlobalSection
	GlobalSection(SolutionProperties) = preSolution
		HideSolutionNode = FALSE
	EndGlobalSection
EndGlobal
